
Microsoft Visual Studio Solution File, Format Version 12.00
# Visual Studio Version 17
VisualStudioVersion = 17.0.31919.166
MinimumVisualStudioVersion = 10.0.40219.1
Project("{9A19103F-16F7-4668-BE54-9A1E7A4F7556}") = "PasswordGenerator", "PasswordGenerator\PasswordGenerator.csproj", "{DE5EE1A3-7F92-407E-A2E3-77DC150F8E9D}"
EndProject
Global
	GlobalSection(SolutionConfigurationPlatforms) = preSolution
		Debug|Any CPU = Debug|Any CPU
		Release|Any CPU = Release|Any CPU
	EndGlobalSection
	GlobalSection(ProjectConfigurationPlatforms) = postSolution
		{DE5EE1A3-7F92-407E-A2E3-77DC150F8E9D}.Debug|Any CPU.ActiveCfg = Debug|Any CPU
		{DE5EE1A3-7F92-407E-A2E3-77DC150F8E9D}.Debug|Any CPU.Build.0 = Debug|Any CPU
		{DE5EE1A3-7F92-407E-A2E3-77DC150F8E9D}.Release|Any CPU.ActiveCfg = Release|Any CPU
		{DE5EE1A3-7F92-407E-A2E3-77DC150F8E9D}.Release|Any CPU.Build.0 = Release|Any CPU
	EndGlobalSection
	GlobalSection(SolutionProperties) = preSolution
		HideSolutionNode = FALSE
	EndGlobalSection
	GlobalSection(ExtensibilityGlobals) = postSolution
		SolutionGuid = {2CC2FF38-6FC8-4AE0-8E89-AFEAB36965C5}
	EndGlobalSection
EndGlobal
